
Microsoft Visual Studio Solution File, Format Version 12.00
# Visual Studio Version 17
VisualStudioVersion = 17.9.34728.123
MinimumVisualStudioVersion = 10.0.40219.1
Project("{FAE04EC0-301F-11D3-BF4B-00C04F79EFBC}") = "3", "3.csproj", "{9E409EF9-1E63-45A4-98DF-255DFB6BD844}"
EndProject
Global
	GlobalSection(SolutionConfigurationPlatforms) = preSolution
		Debug|Any CPU = Debug|Any CPU
		Release|Any CPU = Release|Any CPU
	EndGlobalSection
	GlobalSection(ProjectConfigurationPlatforms) = postSolution
		{9E409EF9-1E63-45A4-98DF-255DFB6BD844}.Debug|Any CPU.ActiveCfg = Debug|Any CPU
		{9E409EF9-1E63-45A4-98DF-255DFB6BD844}.Debug|Any CPU.Build.0 = Debug|Any CPU
		{9E409EF9-1E63-45A4-98DF-255DFB6BD844}.Release|Any CPU.ActiveCfg = Release|Any CPU
		{9E409EF9-1E63-45A4-98DF-255DFB6BD844}.Release|Any CPU.Build.0 = Release|Any CPU
	EndGlobalSection
	GlobalSection(SolutionProperties) = preSolution
		HideSolutionNode = FALSE
	EndGlobalSection
	GlobalSection(ExtensibilityGlobals) = postSolution
		SolutionGuid = {AC929566-9F31-4628-B299-FD17B049DB14}
	EndGlobalSection
EndGlobal
